// !$*UTF8*$!
{
	archiveVersion = 1;
	classes = {
	};
	objectVersion = 50;
	objects = {

/* Begin PBXBuildFile section */

		2C59685E26558AD60075CE13 /* JeremyTicTacToe.storyboard in Resources */ = {isa = PBXBuildFile; fileRef = 2C59685D26558AD60075CE13 /* JeremyTicTacToe.storyboard */; };
		2C59686026558F700075CE13 /* TicTacToeViewController.swift in Sources */ = {isa = PBXBuildFile; fileRef = 2C59685F26558F700075CE13 /* TicTacToeViewController.swift */; };
		EACF1767265585A000BD7A8E /* AppDelegate.swift in Sources */ = {isa = PBXBuildFile; fileRef = EACF1766265585A000BD7A8E /* AppDelegate.swift */; };
		EACF1769265585A000BD7A8E /* SceneDelegate.swift in Sources */ = {isa = PBXBuildFile; fileRef = EACF1768265585A000BD7A8E /* SceneDelegate.swift */; };
		EACF176E265585A000BD7A8E /* Main.storyboard in Resources */ = {isa = PBXBuildFile; fileRef = EACF176C265585A000BD7A8E /* Main.storyboard */; };
		EACF1770265585A100BD7A8E /* Assets.xcassets in Resources */ = {isa = PBXBuildFile; fileRef = EACF176F265585A100BD7A8E /* Assets.xcassets */; };
		EACF1773265585A100BD7A8E /* LaunchScreen.storyboard in Resources */ = {isa = PBXBuildFile; fileRef = EACF1771265585A100BD7A8E /* LaunchScreen.storyboard */; };
/* End PBXBuildFile section */

/* Begin PBXFileReference section */

		2C59685D26558AD60075CE13 /* JeremyTicTacToe.storyboard */ = {isa = PBXFileReference; lastKnownFileType = file.storyboard; path = JeremyTicTacToe.storyboard; sourceTree = "<group>"; };
		2C59685F26558F700075CE13 /* TicTacToeViewController.swift */ = {isa = PBXFileReference; lastKnownFileType = sourcecode.swift; path = TicTacToeViewController.swift; sourceTree = "<group>"; };

		
		EACF1763265585A000BD7A8E /* GroupGame.app */ = {isa = PBXFileReference; explicitFileType = wrapper.application; includeInIndex = 0; path = GroupGame.app; sourceTree = BUILT_PRODUCTS_DIR; };
		EACF1766265585A000BD7A8E /* AppDelegate.swift */ = {isa = PBXFileReference; lastKnownFileType = sourcecode.swift; path = AppDelegate.swift; sourceTree = "<group>"; };
		EACF1768265585A000BD7A8E /* SceneDelegate.swift */ = {isa = PBXFileReference; lastKnownFileType = sourcecode.swift; path = SceneDelegate.swift; sourceTree = "<group>"; };
		EACF176D265585A000BD7A8E /* Base */ = {isa = PBXFileReference; lastKnownFileType = file.storyboard; name = Base; path = Base.lproj/Main.storyboard; sourceTree = "<group>"; };

		EACF176F265585A100BD7A8E /* Assets.xcassets */ = {isa = PBXFileReference; lastKnownFileType = folder.assetcatalog; path = Assets.xcassets; sourceTree = "<group>"; };
		EACF1772265585A100BD7A8E /* Base */ = {isa = PBXFileReference; lastKnownFileType = file.storyboard; name = Base; path = Base.lproj/LaunchScreen.storyboard; sourceTree = "<group>"; };
		EACF1774265585A100BD7A8E /* Info.plist */ = {isa = PBXFileReference; lastKnownFileType = text.plist.xml; path = Info.plist; sourceTree = "<group>"; };
/* End PBXFileReference section */

/* Begin PBXFrameworksBuildPhase section */
		EACF1760265585A000BD7A8E /* Frameworks */ = {
			isa = PBXFrameworksBuildPhase;
			buildActionMask = 2147483647;
			files = (
			);
			runOnlyForDeploymentPostprocessing = 0;
		};
/* End PBXFrameworksBuildPhase section */

/* Begin PBXGroup section */

		2C5968562655896C0075CE13 /* Resources */ = {
			isa = PBXGroup;
			children = (
				EACF1766265585A000BD7A8E /* AppDelegate.swift */,
				EACF1768265585A000BD7A8E /* SceneDelegate.swift */,
				EACF176F265585A100BD7A8E /* Assets.xcassets */,
				EACF1771265585A100BD7A8E /* LaunchScreen.storyboard */,
				EACF1774265585A100BD7A8E /* Info.plist */,
			);
			path = Resources;
			sourceTree = "<group>";
		};

		2C5968572655896C0075CE13 /* Views */ = {
			isa = PBXGroup;
			children = (
				2C5968592655896C0075CE13 /* StoryBoards */,

			);
			path = Views;
			sourceTree = "<group>";
		};

		2C5968592655896C0075CE13 /* StoryBoards */ = {
			isa = PBXGroup;
			children = (
				2C59685D26558AD60075CE13 /* JeremyTicTacToe.storyboard */,
			);
			path = StoryBoards;
			sourceTree = "<group>";
		};
		2C59685A2655896D0075CE13 /* Controllers */ = {
			isa = PBXGroup;
			children = (
				2C59685C2655896D0075CE13 /* View Controllers */,

			);
			path = Controllers;
			sourceTree = "<group>";
		};

		2C59685C2655896D0075CE13 /* View Controllers */ = {
			isa = PBXGroup;
			children = (
				2C59685F26558F700075CE13 /* TicTacToeViewController.swift */,

			);
			path = "View Controllers";
			sourceTree = "<group>";
		};

		6780CE6426558AD400F6104B /* Jaymond Storyboard */ = {
			isa = PBXGroup;
			children = (
				EACF176C265585A000BD7A8E /* Main.storyboard */,
			);
			path = "Jaymond Storyboard";
			sourceTree = "<group>";
		};
		EACF175A265585A000BD7A8E = {
			isa = PBXGroup;
			children = (
				EACF1765265585A000BD7A8E /* GroupGame */,
				EACF1764265585A000BD7A8E /* Products */,
			);
			sourceTree = "<group>";
		};
		EACF1764265585A000BD7A8E /* Products */ = {
			isa = PBXGroup;
			children = (
				EACF1763265585A000BD7A8E /* GroupGame.app */,
			);
			name = Products;
			sourceTree = "<group>";
		};
		EACF1765265585A000BD7A8E /* GroupGame */ = {
			isa = PBXGroup;
			children = (

				2C5968572655896C0075CE13 /* Views */,
				2C59685A2655896D0075CE13 /* Controllers */,
				2C5968562655896C0075CE13 /* Resources */,

			);
			path = GroupGame;
			sourceTree = "<group>";
		};
/* End PBXGroup section */

/* Begin PBXNativeTarget section */
		EACF1762265585A000BD7A8E /* GroupGame */ = {
			isa = PBXNativeTarget;
			buildConfigurationList = EACF1777265585A100BD7A8E /* Build configuration list for PBXNativeTarget "GroupGame" */;
			buildPhases = (
				EACF175F265585A000BD7A8E /* Sources */,
				EACF1760265585A000BD7A8E /* Frameworks */,
				EACF1761265585A000BD7A8E /* Resources */,
			);
			buildRules = (
			);
			dependencies = (
			);
			name = GroupGame;
			productName = GroupGame;
			productReference = EACF1763265585A000BD7A8E /* GroupGame.app */;
			productType = "com.apple.product-type.application";
		};
/* End PBXNativeTarget section */

/* Begin PBXProject section */
		EACF175B265585A000BD7A8E /* Project object */ = {
			isa = PBXProject;
			attributes = {
				LastSwiftUpdateCheck = 1240;
				LastUpgradeCheck = 1240;
				TargetAttributes = {
					EACF1762265585A000BD7A8E = {
						CreatedOnToolsVersion = 12.4;
					};
				};
			};
			buildConfigurationList = EACF175E265585A000BD7A8E /* Build configuration list for PBXProject "GroupGame" */;
			compatibilityVersion = "Xcode 9.3";
			developmentRegion = en;
			hasScannedForEncodings = 0;
			knownRegions = (
				en,
				Base,
			);
			mainGroup = EACF175A265585A000BD7A8E;
			productRefGroup = EACF1764265585A000BD7A8E /* Products */;
			projectDirPath = "";
			projectRoot = "";
			targets = (
				EACF1762265585A000BD7A8E /* GroupGame */,
			);
		};
/* End PBXProject section */

/* Begin PBXResourcesBuildPhase section */
		EACF1761265585A000BD7A8E /* Resources */ = {
			isa = PBXResourcesBuildPhase;
			buildActionMask = 2147483647;
			files = (
				EACF1773265585A100BD7A8E /* LaunchScreen.storyboard in Resources */,
				2C59685E26558AD60075CE13 /* JeremyTicTacToe.storyboard in Resources */,
				EACF1770265585A100BD7A8E /* Assets.xcassets in Resources */,
			);
			runOnlyForDeploymentPostprocessing = 0;
		};
/* End PBXResourcesBuildPhase section */

/* Begin PBXSourcesBuildPhase section */
		EACF175F265585A000BD7A8E /* Sources */ = {
			isa = PBXSourcesBuildPhase;
			buildActionMask = 2147483647;
			files = (

				2C59686026558F700075CE13 /* TicTacToeViewController.swift in Sources */,

				EACF1767265585A000BD7A8E /* AppDelegate.swift in Sources */,
				EACF1769265585A000BD7A8E /* SceneDelegate.swift in Sources */,
			);
			runOnlyForDeploymentPostprocessing = 0;
		};
/* End PBXSourcesBuildPhase section */

/* Begin PBXVariantGroup section */
		EACF1771265585A100BD7A8E /* LaunchScreen.storyboard */ = {
			isa = PBXVariantGroup;
			children = (
				EACF1772265585A100BD7A8E /* Base */,
			);
			name = LaunchScreen.storyboard;
			sourceTree = "<group>";
		};
/* End PBXVariantGroup section */

/* Begin XCBuildConfiguration section */
		EACF1775265585A100BD7A8E /* Debug */ = {
			isa = XCBuildConfiguration;
			buildSettings = {
				ALWAYS_SEARCH_USER_PATHS = NO;
				CLANG_ANALYZER_NONNULL = YES;
				CLANG_ANALYZER_NUMBER_OBJECT_CONVERSION = YES_AGGRESSIVE;
				CLANG_CXX_LANGUAGE_STANDARD = "gnu++14";
				CLANG_CXX_LIBRARY = "libc++";
				CLANG_ENABLE_MODULES = YES;
				CLANG_ENABLE_OBJC_ARC = YES;
				CLANG_ENABLE_OBJC_WEAK = YES;
				CLANG_WARN_BLOCK_CAPTURE_AUTORELEASING = YES;
				CLANG_WARN_BOOL_CONVERSION = YES;
				CLANG_WARN_COMMA = YES;
				CLANG_WARN_CONSTANT_CONVERSION = YES;
				CLANG_WARN_DEPRECATED_OBJC_IMPLEMENTATIONS = YES;
				CLANG_WARN_DIRECT_OBJC_ISA_USAGE = YES_ERROR;
				CLANG_WARN_DOCUMENTATION_COMMENTS = YES;
				CLANG_WARN_EMPTY_BODY = YES;
				CLANG_WARN_ENUM_CONVERSION = YES;
				CLANG_WARN_INFINITE_RECURSION = YES;
				CLANG_WARN_INT_CONVERSION = YES;
				CLANG_WARN_NON_LITERAL_NULL_CONVERSION = YES;
				CLANG_WARN_OBJC_IMPLICIT_RETAIN_SELF = YES;
				CLANG_WARN_OBJC_LITERAL_CONVERSION = YES;
				CLANG_WARN_OBJC_ROOT_CLASS = YES_ERROR;
				CLANG_WARN_QUOTED_INCLUDE_IN_FRAMEWORK_HEADER = YES;
				CLANG_WARN_RANGE_LOOP_ANALYSIS = YES;
				CLANG_WARN_STRICT_PROTOTYPES = YES;
				CLANG_WARN_SUSPICIOUS_MOVE = YES;
				CLANG_WARN_UNGUARDED_AVAILABILITY = YES_AGGRESSIVE;
				CLANG_WARN_UNREACHABLE_CODE = YES;
				CLANG_WARN__DUPLICATE_METHOD_MATCH = YES;
				COPY_PHASE_STRIP = NO;
				DEBUG_INFORMATION_FORMAT = dwarf;
				ENABLE_STRICT_OBJC_MSGSEND = YES;
				ENABLE_TESTABILITY = YES;
				GCC_C_LANGUAGE_STANDARD = gnu11;
				GCC_DYNAMIC_NO_PIC = NO;
				GCC_NO_COMMON_BLOCKS = YES;
				GCC_OPTIMIZATION_LEVEL = 0;
				GCC_PREPROCESSOR_DEFINITIONS = (
					"DEBUG=1",
					"$(inherited)",
				);
				GCC_WARN_64_TO_32_BIT_CONVERSION = YES;
				GCC_WARN_ABOUT_RETURN_TYPE = YES_ERROR;
				GCC_WARN_UNDECLARED_SELECTOR = YES;
				GCC_WARN_UNINITIALIZED_AUTOS = YES_AGGRESSIVE;
				GCC_WARN_UNUSED_FUNCTION = YES;
				GCC_WARN_UNUSED_VARIABLE = YES;
				IPHONEOS_DEPLOYMENT_TARGET = 14.4;
				MTL_ENABLE_DEBUG_INFO = INCLUDE_SOURCE;
				MTL_FAST_MATH = YES;
				ONLY_ACTIVE_ARCH = YES;
				SDKROOT = iphoneos;
				SWIFT_ACTIVE_COMPILATION_CONDITIONS = DEBUG;
				SWIFT_OPTIMIZATION_LEVEL = "-Onone";
			};
			name = Debug;
		};
		EACF1776265585A100BD7A8E /* Release */ = {
			isa = XCBuildConfiguration;
			buildSettings = {
				ALWAYS_SEARCH_USER_PATHS = NO;
				CLANG_ANALYZER_NONNULL = YES;
				CLANG_ANALYZER_NUMBER_OBJECT_CONVERSION = YES_AGGRESSIVE;
				CLANG_CXX_LANGUAGE_STANDARD = "gnu++14";
				CLANG_CXX_LIBRARY = "libc++";
				CLANG_ENABLE_MODULES = YES;
				CLANG_ENABLE_OBJC_ARC = YES;
				CLANG_ENABLE_OBJC_WEAK = YES;
				CLANG_WARN_BLOCK_CAPTURE_AUTORELEASING = YES;
				CLANG_WARN_BOOL_CONVERSION = YES;
				CLANG_WARN_COMMA = YES;
				CLANG_WARN_CONSTANT_CONVERSION = YES;
				CLANG_WARN_DEPRECATED_OBJC_IMPLEMENTATIONS = YES;
				CLANG_WARN_DIRECT_OBJC_ISA_USAGE = YES_ERROR;
				CLANG_WARN_DOCUMENTATION_COMMENTS = YES;
				CLANG_WARN_EMPTY_BODY = YES;
				CLANG_WARN_ENUM_CONVERSION = YES;
				CLANG_WARN_INFINITE_RECURSION = YES;
				CLANG_WARN_INT_CONVERSION = YES;
				CLANG_WARN_NON_LITERAL_NULL_CONVERSION = YES;
				CLANG_WARN_OBJC_IMPLICIT_RETAIN_SELF = YES;
				CLANG_WARN_OBJC_LITERAL_CONVERSION = YES;
				CLANG_WARN_OBJC_ROOT_CLASS = YES_ERROR;
				CLANG_WARN_QUOTED_INCLUDE_IN_FRAMEWORK_HEADER = YES;
				CLANG_WARN_RANGE_LOOP_ANALYSIS = YES;
				CLANG_WARN_STRICT_PROTOTYPES = YES;
				CLANG_WARN_SUSPICIOUS_MOVE = YES;
				CLANG_WARN_UNGUARDED_AVAILABILITY = YES_AGGRESSIVE;
				CLANG_WARN_UNREACHABLE_CODE = YES;
				CLANG_WARN__DUPLICATE_METHOD_MATCH = YES;
				COPY_PHASE_STRIP = NO;
				DEBUG_INFORMATION_FORMAT = "dwarf-with-dsym";
				ENABLE_NS_ASSERTIONS = NO;
				ENABLE_STRICT_OBJC_MSGSEND = YES;
				GCC_C_LANGUAGE_STANDARD = gnu11;
				GCC_NO_COMMON_BLOCKS = YES;
				GCC_WARN_64_TO_32_BIT_CONVERSION = YES;
				GCC_WARN_ABOUT_RETURN_TYPE = YES_ERROR;
				GCC_WARN_UNDECLARED_SELECTOR = YES;
				GCC_WARN_UNINITIALIZED_AUTOS = YES_AGGRESSIVE;
				GCC_WARN_UNUSED_FUNCTION = YES;
				GCC_WARN_UNUSED_VARIABLE = YES;
				IPHONEOS_DEPLOYMENT_TARGET = 14.4;
				MTL_ENABLE_DEBUG_INFO = NO;
				MTL_FAST_MATH = YES;
				SDKROOT = iphoneos;
				SWIFT_COMPILATION_MODE = wholemodule;
				SWIFT_OPTIMIZATION_LEVEL = "-O";
				VALIDATE_PRODUCT = YES;
			};
			name = Release;
		};
		EACF1778265585A100BD7A8E /* Debug */ = {
			isa = XCBuildConfiguration;
			buildSettings = {
				ASSETCATALOG_COMPILER_APPICON_NAME = AppIcon;
				ASSETCATALOG_COMPILER_GLOBAL_ACCENT_COLOR_NAME = AccentColor;
				CODE_SIGN_STYLE = Automatic;

				DEVELOPMENT_TEAM = R237Q7C6A8;

				INFOPLIST_FILE = GroupGame/Resources/Info.plist;
				LD_RUNPATH_SEARCH_PATHS = (
					"$(inherited)",
					"@executable_path/Frameworks",
				);
				PRODUCT_BUNDLE_IDENTIFIER = com.example.GroupGame;
				PRODUCT_NAME = "$(TARGET_NAME)";
				SWIFT_VERSION = 5.0;
				TARGETED_DEVICE_FAMILY = "1,2";
			};
			name = Debug;
		};
		EACF1779265585A100BD7A8E /* Release */ = {
			isa = XCBuildConfiguration;
			buildSettings = {
				ASSETCATALOG_COMPILER_APPICON_NAME = AppIcon;
				ASSETCATALOG_COMPILER_GLOBAL_ACCENT_COLOR_NAME = AccentColor;
				CODE_SIGN_STYLE = Automatic;

				DEVELOPMENT_TEAM = R237Q7C6A8;

				INFOPLIST_FILE = GroupGame/Resources/Info.plist;
				LD_RUNPATH_SEARCH_PATHS = (
					"$(inherited)",
					"@executable_path/Frameworks",
				);
				PRODUCT_BUNDLE_IDENTIFIER = com.example.GroupGame;
				PRODUCT_NAME = "$(TARGET_NAME)";
				SWIFT_VERSION = 5.0;
				TARGETED_DEVICE_FAMILY = "1,2";
			};
			name = Release;
		};
/* End XCBuildConfiguration section */

/* Begin XCConfigurationList section */
		EACF175E265585A000BD7A8E /* Build configuration list for PBXProject "GroupGame" */ = {
			isa = XCConfigurationList;
			buildConfigurations = (
				EACF1775265585A100BD7A8E /* Debug */,
				EACF1776265585A100BD7A8E /* Release */,
			);
			defaultConfigurationIsVisible = 0;
			defaultConfigurationName = Release;
		};
		EACF1777265585A100BD7A8E /* Build configuration list for PBXNativeTarget "GroupGame" */ = {
			isa = XCConfigurationList;
			buildConfigurations = (
				EACF1778265585A100BD7A8E /* Debug */,
				EACF1779265585A100BD7A8E /* Release */,
			);
			defaultConfigurationIsVisible = 0;
			defaultConfigurationName = Release;
		};
/* End XCConfigurationList section */
	};
	rootObject = EACF175B265585A000BD7A8E /* Project object */;
}
